
Microsoft Visual Studio Solution File, Format Version 12.00
# Visual Studio 15
VisualStudioVersion = 15.0.26730.16
MinimumVisualStudioVersion = 10.0.40219.1
Project("{FAE04EC0-301F-11D3-BF4B-00C04F79EFBC}") = "Review1", "Review1\Review1.csproj", "{B025A6F4-5E39-44EC-80CE-AA5934358FB3}"
EndProject
Global
	GlobalSection(SolutionConfigurationPlatforms) = preSolution
		Debug|Any CPU = Debug|Any CPU
		Release|Any CPU = Release|Any CPU
	EndGlobalSection
	GlobalSection(ProjectConfigurationPlatforms) = postSolution
		{B025A6F4-5E39-44EC-80CE-AA5934358FB3}.Debug|Any CPU.ActiveCfg = Debug|Any CPU
		{B025A6F4-5E39-44EC-80CE-AA5934358FB3}.Debug|Any CPU.Build.0 = Debug|Any CPU
		{B025A6F4-5E39-44EC-80CE-AA5934358FB3}.Release|Any CPU.ActiveCfg = Release|Any CPU
		{B025A6F4-5E39-44EC-80CE-AA5934358FB3}.Release|Any CPU.Build.0 = Release|Any CPU
	EndGlobalSection
	GlobalSection(SolutionProperties) = preSolution
		HideSolutionNode = FALSE
	EndGlobalSection
	GlobalSection(ExtensibilityGlobals) = postSolution
		SolutionGuid = {17C08A4D-8700-423B-8AD7-465217B4A021}
	EndGlobalSection
EndGlobal
